aiofiles==25.1.0
beautifulsoup4==4.15.0
fastapi==0.142.1
httpx==0.28.1
jinja2==3.1.6
keybert==0.9.0
nltk==3.9.1
numpy==2.5.3
openai==1.68.2
pymongo==4.11.2
pydantic==2.13.5
psycopg[binary]==3.2.3
pytest==8.3.5
prometheus-client==0.21.1
opentelemetry-api==1.29.0
python-dotenv==1.2.3
rake-nltk==1.0.6
redis==5.2.1
requests==2.32.3
scikit-learn==1.9.1
sentence-transformers==3.4.1
textblob==0.20.1
torch==2.6.0
trafilatura==1.12.2
transformers==4.49.0
typer==0.15.2
uvicorn[standard]==0.34.0
